
Microsoft Visual Studio Solution File, Format Version 12.00
# Visual Studio 15
Project("{FAE04EC0-301F-11D3-BF4B-00C04F79EFBC}") = "soccerTeams.Android", "soccerTeams.Android\soccerTeams.Android.csproj", "{3E4EC51E-730B-4906-927B-9F04BEF8C42A}"
EndProject
Project("{FAE04EC0-301F-11D3-BF4B-00C04F79EFBC}") = "soccerTeams.iOS", "soccerTeams.iOS\soccerTeams.iOS.csproj", "{363015FB-9159-443B-BE65-D8D09093D945}"
EndProject
Project("{FAE04EC0-301F-11D3-BF4B-00C04F79EFBC}") = "soccerTeams", "soccerTeams\soccerTeams.csproj", "{0FBED799-EF08-4309-A406-DA1BB815C6D8}"
EndProject
Global
	GlobalSection(SolutionConfigurationPlatforms) = preSolution
		Debug|Any CPU = Debug|Any CPU
		Release|Any CPU = Release|Any CPU
		Debug|iPhoneSimulator = Debug|iPhoneSimulator
		Release|iPhoneSimulator = Release|iPhoneSimulator
		Debug|iPhone = Debug|iPhone
		Release|iPhone = Release|iPhone
	EndGlobalSection
	GlobalSection(ProjectConfigurationPlatforms) = postSolution
		{3E4EC51E-730B-4906-927B-9F04BEF8C42A}.Debug|Any CPU.ActiveCfg = Debug|Any CPU
		{3E4EC51E-730B-4906-927B-9F04BEF8C42A}.Debug|Any CPU.Build.0 = Debug|Any CPU
		{3E4EC51E-730B-4906-927B-9F04BEF8C42A}.Release|Any CPU.ActiveCfg = Release|Any CPU
		{3E4EC51E-730B-4906-927B-9F04BEF8C42A}.Release|Any CPU.Build.0 = Release|Any CPU
		{3E4EC51E-730B-4906-927B-9F04BEF8C42A}.Debug|iPhoneSimulator.ActiveCfg = Debug|Any CPU
		{3E4EC51E-730B-4906-927B-9F04BEF8C42A}.Debug|iPhoneSimulator.Build.0 = Debug|Any CPU
		{3E4EC51E-730B-4906-927B-9F04BEF8C42A}.Release|iPhoneSimulator.ActiveCfg = Release|Any CPU
		{3E4EC51E-730B-4906-927B-9F04BEF8C42A}.Release|iPhoneSimulator.Build.0 = Release|Any CPU
		{3E4EC51E-730B-4906-927B-9F04BEF8C42A}.Debug|iPhone.ActiveCfg = Debug|Any CPU
		{3E4EC51E-730B-4906-927B-9F04BEF8C42A}.Debug|iPhone.Build.0 = Debug|Any CPU
		{3E4EC51E-730B-4906-927B-9F04BEF8C42A}.Release|iPhone.ActiveCfg = Release|Any CPU
		{3E4EC51E-730B-4906-927B-9F04BEF8C42A}.Release|iPhone.Build.0 = Release|Any CPU
		{363015FB-9159-443B-BE65-D8D09093D945}.Debug|Any CPU.ActiveCfg = Debug|iPhoneSimulator
		{363015FB-9159-443B-BE65-D8D09093D945}.Debug|Any CPU.Build.0 = Debug|iPhoneSimulator
		{363015FB-9159-443B-BE65-D8D09093D945}.Release|Any CPU.ActiveCfg = Release|iPhoneSimulator
		{363015FB-9159-443B-BE65-D8D09093D945}.Release|Any CPU.Build.0 = Release|iPhoneSimulator
		{363015FB-9159-443B-BE65-D8D09093D945}.Debug|iPhoneSimulator.ActiveCfg = Debug|iPhoneSimulator
		{363015FB-9159-443B-BE65-D8D09093D945}.Debug|iPhoneSimulator.Build.0 = Debug|iPhoneSimulator
		{363015FB-9159-443B-BE65-D8D09093D945}.Release|iPhoneSimulator.ActiveCfg = Release|iPhoneSimulator
		{363015FB-9159-443B-BE65-D8D09093D945}.Release|iPhoneSimulator.Build.0 = Release|iPhoneSimulator
		{363015FB-9159-443B-BE65-D8D09093D945}.Debug|iPhone.ActiveCfg = Debug|iPhone
		{363015FB-9159-443B-BE65-D8D09093D945}.Debug|iPhone.Build.0 = Debug|iPhone
		{363015FB-9159-443B-BE65-D8D09093D945}.Release|iPhone.ActiveCfg = Release|iPhone
		{363015FB-9159-443B-BE65-D8D09093D945}.Release|iPhone.Build.0 = Release|iPhone
		{0FBED799-EF08-4309-A406-DA1BB815C6D8}.Debug|Any CPU.ActiveCfg = Debug|Any CPU
		{0FBED799-EF08-4309-A406-DA1BB815C6D8}.Debug|Any CPU.Build.0 = Debug|Any CPU
		{0FBED799-EF08-4309-A406-DA1BB815C6D8}.Release|Any CPU.ActiveCfg = Release|Any CPU
		{0FBED799-EF08-4309-A406-DA1BB815C6D8}.Release|Any CPU.Build.0 = Release|Any CPU
		{0FBED799-EF08-4309-A406-DA1BB815C6D8}.Debug|iPhoneSimulator.ActiveCfg = Debug|Any CPU
		{0FBED799-EF08-4309-A406-DA1BB815C6D8}.Debug|iPhoneSimulator.Build.0 = Debug|Any CPU
		{0FBED799-EF08-4309-A406-DA1BB815C6D8}.Release|iPhoneSimulator.ActiveCfg = Release|Any CPU
		{0FBED799-EF08-4309-A406-DA1BB815C6D8}.Release|iPhoneSimulator.Build.0 = Release|Any CPU
		{0FBED799-EF08-4309-A406-DA1BB815C6D8}.Debug|iPhone.ActiveCfg = Debug|Any CPU
		{0FBED799-EF08-4309-A406-DA1BB815C6D8}.Debug|iPhone.Build.0 = Debug|Any CPU
		{0FBED799-EF08-4309-A406-DA1BB815C6D8}.Release|iPhone.ActiveCfg = Release|Any CPU
		{0FBED799-EF08-4309-A406-DA1BB815C6D8}.Release|iPhone.Build.0 = Release|Any CPU
	EndGlobalSection
EndGlobal
